
Microsoft Visual Studio Solution File, Format Version 12.00
Project("{FAE04EC0-301F-11D3-BF4B-00C04F79EFBC}") = "PlayWrightYouTube", "PlayWrightYouTube\PlayWrightYouTube.csproj", "{D850E28A-959D-4F1F-B5B2-447A945EF123}"
EndProject
Global
	GlobalSection(SolutionConfigurationPlatforms) = preSolution
		Debug|Any CPU = Debug|Any CPU
		Release|Any CPU = Release|Any CPU
	EndGlobalSection
	GlobalSection(ProjectConfigurationPlatforms) = postSolution
		{D850E28A-959D-4F1F-B5B2-447A945EF123}.Debug|Any CPU.ActiveCfg = Debug|Any CPU
		{D850E28A-959D-4F1F-B5B2-447A945EF123}.Debug|Any CPU.Build.0 = Debug|Any CPU
		{D850E28A-959D-4F1F-B5B2-447A945EF123}.Release|Any CPU.ActiveCfg = Release|Any CPU
		{D850E28A-959D-4F1F-B5B2-447A945EF123}.Release|Any CPU.Build.0 = Release|Any CPU
	EndGlobalSection
EndGlobal
